// !$*UTF8*$!
{
	archiveVersion = 1;
	classes = {
	};
	objectVersion = 50;
	objects = {

/* Begin PBXBuildFile section */
		DE0603482673247C00E23129 /* SmileyButton.swift in Sources */ = {isa = PBXBuildFile; fileRef = DE0603472673247C00E23129 /* SmileyButton.swift */; };
		DE221034269C072B00EF399F /* MinefieldController.swift in Sources */ = {isa = PBXBuildFile; fileRef = DE221033269C072B00EF399F /* MinefieldController.swift */; };
		DE221037269CAA0200EF399F /* MinefieldController+ObjC.swift in Sources */ = {isa = PBXBuildFile; fileRef = DE221036269CAA0200EF399F /* MinefieldController+ObjC.swift */; };
		DE35153F267C81B70090A03B /* Localizable.strings in Resources */ = {isa = PBXBuildFile; fileRef = DE351541267C81B70090A03B /* Localizable.strings */; };
		DE496EF72671D0FD000FDABC /* Animation.swift in Sources */ = {isa = PBXBuildFile; fileRef = DE496EF62671D0FD000FDABC /* Animation.swift */; };
		DE62FA4A2666807C00C17CD8 /* AppDelegate.swift in Sources */ = {isa = PBXBuildFile; fileRef = DE62FA492666807C00C17CD8 /* AppDelegate.swift */; };
		DE62FA4C2666807C00C17CD8 /* Mound.swift in Sources */ = {isa = PBXBuildFile; fileRef = DE62FA4B2666807C00C17CD8 /* Mound.swift */; };
		DE62FA4E2666807E00C17CD8 /* Assets.xcassets in Resources */ = {isa = PBXBuildFile; fileRef = DE62FA4D2666807E00C17CD8 /* Assets.xcassets */; };
		DE62FA5A2666818D00C17CD8 /* main.swift in Sources */ = {isa = PBXBuildFile; fileRef = DE62FA592666818D00C17CD8 /* main.swift */; };
		DE7FE1122678C2D50002356A /* PreferenceSheet.swift in Sources */ = {isa = PBXBuildFile; fileRef = DE7FE1112678C2D50002356A /* PreferenceSheet.swift */; };
		DE9D629A26A0521E008C6E94 /* InfoPlist.strings in Resources */ = {isa = PBXBuildFile; fileRef = DE9D629C26A0521E008C6E94 /* InfoPlist.strings */; };
		DECDCCEA2667479000519DB1 /* Minefield.swift in Sources */ = {isa = PBXBuildFile; fileRef = DECDCCE92667479000519DB1 /* Minefield.swift */; };
/* End PBXBuildFile section */

/* Begin PBXFileReference section */
		DE0603472673247C00E23129 /* SmileyButton.swift */ = {isa = PBXFileReference; lastKnownFileType = sourcecode.swift; path = SmileyButton.swift; sourceTree = "<group>"; };
		DE221033269C072B00EF399F /* MinefieldController.swift */ = {isa = PBXFileReference; lastKnownFileType = sourcecode.swift; path = MinefieldController.swift; sourceTree = "<group>"; };
		DE221035269C812900EF399F /* zh-Hant */ = {isa = PBXFileReference; lastKnownFileType = text.plist.strings; name = "zh-Hant"; path = "zh-Hant.lproj/Localizable.strings"; sourceTree = "<group>"; };
		DE221036269CAA0200EF399F /* MinefieldController+ObjC.swift */ = {isa = PBXFileReference; lastKnownFileType = sourcecode.swift; path = "MinefieldController+ObjC.swift"; sourceTree = "<group>"; };
		DE351540267C81B70090A03B /* en */ = {isa = PBXFileReference; lastKnownFileType = text.plist.strings; name = en; path = en.lproj/Localizable.strings; sourceTree = "<group>"; };
		DE351542267C81CA0090A03B /* zh-Hans */ = {isa = PBXFileReference; lastKnownFileType = text.plist.strings; name = "zh-Hans"; path = "zh-Hans.lproj/Localizable.strings"; sourceTree = "<group>"; };
		DE351548267CF2540090A03B /* Info.plist */ = {isa = PBXFileReference; fileEncoding = 4; lastKnownFileType = text.plist.xml; path = Info.plist; sourceTree = "<group>"; };
		DE496EF62671D0FD000FDABC /* Animation.swift */ = {isa = PBXFileReference; lastKnownFileType = sourcecode.swift; path = Animation.swift; sourceTree = "<group>"; };
		DE62FA462666807C00C17CD8 /* Minesweeper.app */ = {isa = PBXFileReference; explicitFileType = wrapper.application; includeInIndex = 0; path = Minesweeper.app; sourceTree = BUILT_PRODUCTS_DIR; };
		DE62FA492666807C00C17CD8 /* AppDelegate.swift */ = {isa = PBXFileReference; lastKnownFileType = sourcecode.swift; path = AppDelegate.swift; sourceTree = "<group>"; wrapsLines = 0; };
		DE62FA4B2666807C00C17CD8 /* Mound.swift */ = {isa = PBXFileReference; lastKnownFileType = sourcecode.swift; path = Mound.swift; sourceTree = "<group>"; };
		DE62FA4D2666807E00C17CD8 /* Assets.xcassets */ = {isa = PBXFileReference; lastKnownFileType = folder.assetcatalog; path = Assets.xcassets; sourceTree = "<group>"; };
		DE62FA532666807E00C17CD8 /* Minesweeper.entitlements */ = {isa = PBXFileReference; lastKnownFileType = text.plist.entitlements; path = Minesweeper.entitlements; sourceTree = "<group>"; };
		DE62FA592666818D00C17CD8 /* main.swift */ = {isa = PBXFileReference; lastKnownFileType = sourcecode.swift; path = main.swift; sourceTree = "<group>"; };
		DE7FE1112678C2D50002356A /* PreferenceSheet.swift */ = {isa = PBXFileReference; lastKnownFileType = sourcecode.swift; path = PreferenceSheet.swift; sourceTree = "<group>"; wrapsLines = 0; };
		DE9D629B26A0521E008C6E94 /* en */ = {isa = PBXFileReference; lastKnownFileType = text.plist.strings; name = en; path = en.lproj/InfoPlist.strings; sourceTree = "<group>"; };
		DE9D629D26A05222008C6E94 /* zh-Hans */ = {isa = PBXFileReference; lastKnownFileType = text.plist.strings; name = "zh-Hans"; path = "zh-Hans.lproj/InfoPlist.strings"; sourceTree = "<group>"; };
		DE9D629E26A05223008C6E94 /* zh-Hant */ = {isa = PBXFileReference; lastKnownFileType = text.plist.strings; name = "zh-Hant"; path = "zh-Hant.lproj/InfoPlist.strings"; sourceTree = "<group>"; };
		DECDCCE92667479000519DB1 /* Minefield.swift */ = {isa = PBXFileReference; lastKnownFileType = sourcecode.swift; path = Minefield.swift; sourceTree = "<group>"; };
/* End PBXFileReference section */

/* Begin PBXFrameworksBuildPhase section */
		DE62FA432666807C00C17CD8 /* Frameworks */ = {
			isa = PBXFrameworksBuildPhase;
			buildActionMask = 2147483647;
			files = (
			);
			runOnlyForDeploymentPostprocessing = 0;
		};
/* End PBXFrameworksBuildPhase section */

/* Begin PBXGroup section */
		DE62FA3D2666807C00C17CD8 = {
			isa = PBXGroup;
			children = (
				DE62FA482666807C00C17CD8 /* Minesweeper */,
				DE62FA472666807C00C17CD8 /* Products */,
			);
			sourceTree = "<group>";
			wrapsLines = 0;
		};
		DE62FA472666807C00C17CD8 /* Products */ = {
			isa = PBXGroup;
			children = (
				DE62FA462666807C00C17CD8 /* Minesweeper.app */,
			);
			name = Products;
			sourceTree = "<group>";
		};
		DE62FA482666807C00C17CD8 /* Minesweeper */ = {
			isa = PBXGroup;
			children = (
				DE62FA592666818D00C17CD8 /* main.swift */,
				DE62FA492666807C00C17CD8 /* AppDelegate.swift */,
				DECDCCE92667479000519DB1 /* Minefield.swift */,
				DE221033269C072B00EF399F /* MinefieldController.swift */,
				DE221036269CAA0200EF399F /* MinefieldController+ObjC.swift */,
				DE62FA4B2666807C00C17CD8 /* Mound.swift */,
				DE496EF62671D0FD000FDABC /* Animation.swift */,
				DE0603472673247C00E23129 /* SmileyButton.swift */,
				DE7FE1112678C2D50002356A /* PreferenceSheet.swift */,
				DE62FA4D2666807E00C17CD8 /* Assets.xcassets */,
				DE351548267CF2540090A03B /* Info.plist */,
				DE9D629C26A0521E008C6E94 /* InfoPlist.strings */,
				DE351541267C81B70090A03B /* Localizable.strings */,
				DE62FA532666807E00C17CD8 /* Minesweeper.entitlements */,
			);
			path = Minesweeper;
			sourceTree = "<group>";
		};
/* End PBXGroup section */

/* Begin PBXNativeTarget section */
		DE62FA452666807C00C17CD8 /* Minesweeper */ = {
			isa = PBXNativeTarget;
			buildConfigurationList = DE62FA562666807E00C17CD8 /* Build configuration list for PBXNativeTarget "Minesweeper" */;
			buildPhases = (
				DE62FA422666807C00C17CD8 /* Sources */,
				DE62FA432666807C00C17CD8 /* Frameworks */,
				DE62FA442666807C00C17CD8 /* Resources */,
			);
			buildRules = (
			);
			dependencies = (
			);
			name = Minesweeper;
			productName = Minesweeper;
			productReference = DE62FA462666807C00C17CD8 /* Minesweeper.app */;
			productType = "com.apple.product-type.application";
		};
/* End PBXNativeTarget section */

/* Begin PBXProject section */
		DE62FA3E2666807C00C17CD8 /* Project object */ = {
			isa = PBXProject;
			attributes = {
				LastSwiftUpdateCheck = 1130;
				LastUpgradeCheck = 1220;
				ORGANIZATIONNAME = alphaArgon;
				TargetAttributes = {
					DE62FA452666807C00C17CD8 = {
						CreatedOnToolsVersion = 11.3.1;
					};
				};
			};
			buildConfigurationList = DE62FA412666807C00C17CD8 /* Build configuration list for PBXProject "Minesweeper" */;
			compatibilityVersion = "Xcode 9.3";
			developmentRegion = en;
			hasScannedForEncodings = 0;
			knownRegions = (
				en,
				Base,
				"zh-Hans",
				"zh-Hant",
			);
			mainGroup = DE62FA3D2666807C00C17CD8;
			productRefGroup = DE62FA472666807C00C17CD8 /* Products */;
			projectDirPath = "";
			projectRoot = "";
			targets = (
				DE62FA452666807C00C17CD8 /* Minesweeper */,
			);
		};
/* End PBXProject section */

/* Begin PBXResourcesBuildPhase section */
		DE62FA442666807C00C17CD8 /* Resources */ = {
			isa = PBXResourcesBuildPhase;
			buildActionMask = 2147483647;
			files = (
				DE62FA4E2666807E00C17CD8 /* Assets.xcassets in Resources */,
				DE9D629A26A0521E008C6E94 /* InfoPlist.strings in Resources */,
				DE35153F267C81B70090A03B /* Localizable.strings in Resources */,
			);
			runOnlyForDeploymentPostprocessing = 0;
		};
/* End PBXResourcesBuildPhase section */

/* Begin PBXSourcesBuildPhase section */
		DE62FA422666807C00C17CD8 /* Sources */ = {
			isa = PBXSourcesBuildPhase;
			buildActionMask = 2147483647;
			files = (
				DE7FE1122678C2D50002356A /* PreferenceSheet.swift in Sources */,
				DE221037269CAA0200EF399F /* MinefieldController+ObjC.swift in Sources */,
				DE0603482673247C00E23129 /* SmileyButton.swift in Sources */,
				DECDCCEA2667479000519DB1 /* Minefield.swift in Sources */,
				DE62FA4C2666807C00C17CD8 /* Mound.swift in Sources */,
				DE496EF72671D0FD000FDABC /* Animation.swift in Sources */,
				DE221034269C072B00EF399F /* MinefieldController.swift in Sources */,
				DE62FA4A2666807C00C17CD8 /* AppDelegate.swift in Sources */,
				DE62FA5A2666818D00C17CD8 /* main.swift in Sources */,
			);
			runOnlyForDeploymentPostprocessing = 0;
		};
/* End PBXSourcesBuildPhase section */

/* Begin PBXVariantGroup section */
		DE351541267C81B70090A03B /* Localizable.strings */ = {
			isa = PBXVariantGroup;
			children = (
				DE351540267C81B70090A03B /* en */,
				DE351542267C81CA0090A03B /* zh-Hans */,
				DE221035269C812900EF399F /* zh-Hant */,
			);
			name = Localizable.strings;
			sourceTree = "<group>";
		};
		DE9D629C26A0521E008C6E94 /* InfoPlist.strings */ = {
			isa = PBXVariantGroup;
			children = (
				DE9D629B26A0521E008C6E94 /* en */,
				DE9D629D26A05222008C6E94 /* zh-Hans */,
				DE9D629E26A05223008C6E94 /* zh-Hant */,
			);
			name = InfoPlist.strings;
			sourceTree = "<group>";
		};
/* End PBXVariantGroup section */

/* Begin XCBuildConfiguration section */
		DE62FA542666807E00C17CD8 /* Debug */ = {
			isa = XCBuildConfiguration;
			buildSettings = {
				ALWAYS_SEARCH_USER_PATHS = NO;
				CLANG_ANALYZER_LOCALIZABILITY_NONLOCALIZED = YES;
				CLANG_ANALYZER_NONNULL = YES;
				CLANG_ANALYZER_NUMBER_OBJECT_CONVERSION = YES_AGGRESSIVE;
				CLANG_CXX_LANGUAGE_STANDARD = "gnu++14";
				CLANG_CXX_LIBRARY = "libc++";
				CLANG_ENABLE_MODULES = YES;
				CLANG_ENABLE_OBJC_ARC = YES;
				CLANG_ENABLE_OBJC_WEAK = YES;
				CLANG_WARN_BLOCK_CAPTURE_AUTORELEASING = YES;
				CLANG_WARN_BOOL_CONVERSION = YES;
				CLANG_WARN_COMMA = YES;
				CLANG_WARN_CONSTANT_CONVERSION = YES;
				CLANG_WARN_DEPRECATED_OBJC_IMPLEMENTATIONS = YES;
				CLANG_WARN_DIRECT_OBJC_ISA_USAGE = YES_ERROR;
				CLANG_WARN_DOCUMENTATION_COMMENTS = YES;
				CLANG_WARN_EMPTY_BODY = YES;
				CLANG_WARN_ENUM_CONVERSION = YES;
				CLANG_WARN_INFINITE_RECURSION = YES;
				CLANG_WARN_INT_CONVERSION = YES;
				CLANG_WARN_NON_LITERAL_NULL_CONVERSION = YES;
				CLANG_WARN_OBJC_IMPLICIT_RETAIN_SELF = YES;
				CLANG_WARN_OBJC_LITERAL_CONVERSION = YES;
				CLANG_WARN_OBJC_ROOT_CLASS = YES_ERROR;
				CLANG_WARN_QUOTED_INCLUDE_IN_FRAMEWORK_HEADER = YES;
				CLANG_WARN_RANGE_LOOP_ANALYSIS = YES;
				CLANG_WARN_STRICT_PROTOTYPES = YES;
				CLANG_WARN_SUSPICIOUS_MOVE = YES;
				CLANG_WARN_UNGUARDED_AVAILABILITY = YES_AGGRESSIVE;
				CLANG_WARN_UNREACHABLE_CODE = YES;
				CLANG_WARN__DUPLICATE_METHOD_MATCH = YES;
				COPY_PHASE_STRIP = NO;
				DEBUG_INFORMATION_FORMAT = dwarf;
				ENABLE_STRICT_OBJC_MSGSEND = YES;
				ENABLE_TESTABILITY = YES;
				GCC_C_LANGUAGE_STANDARD = gnu11;
				GCC_DYNAMIC_NO_PIC = NO;
				GCC_NO_COMMON_BLOCKS = YES;
				GCC_OPTIMIZATION_LEVEL = 0;
				GCC_PREPROCESSOR_DEFINITIONS = (
					"DEBUG=1",
					"$(inherited)",
				);
				GCC_WARN_64_TO_32_BIT_CONVERSION = YES;
				GCC_WARN_ABOUT_RETURN_TYPE = YES_ERROR;
				GCC_WARN_UNDECLARED_SELECTOR = YES;
				GCC_WARN_UNINITIALIZED_AUTOS = YES_AGGRESSIVE;
				GCC_WARN_UNUSED_FUNCTION = YES;
				GCC_WARN_UNUSED_VARIABLE = YES;
				MACOSX_DEPLOYMENT_TARGET = 10.12;
				MTL_ENABLE_DEBUG_INFO = INCLUDE_SOURCE;
				MTL_FAST_MATH = YES;
				ONLY_ACTIVE_ARCH = YES;
				SDKROOT = macosx;
				SWIFT_ACTIVE_COMPILATION_CONDITIONS = DEBUG;
				SWIFT_OPTIMIZATION_LEVEL = "-Onone";
			};
			name = Debug;
		};
		DE62FA552666807E00C17CD8 /* Release */ = {
			isa = XCBuildConfiguration;
			buildSettings = {
				ALWAYS_SEARCH_USER_PATHS = NO;
				CLANG_ANALYZER_LOCALIZABILITY_NONLOCALIZED = YES;
				CLANG_ANALYZER_NONNULL = YES;
				CLANG_ANALYZER_NUMBER_OBJECT_CONVERSION = YES_AGGRESSIVE;
				CLANG_CXX_LANGUAGE_STANDARD = "gnu++14";
				CLANG_CXX_LIBRARY = "libc++";
				CLANG_ENABLE_MODULES = YES;
				CLANG_ENABLE_OBJC_ARC = YES;
				CLANG_ENABLE_OBJC_WEAK = YES;
				CLANG_WARN_BLOCK_CAPTURE_AUTORELEASING = YES;
				CLANG_WARN_BOOL_CONVERSION = YES;
				CLANG_WARN_COMMA = YES;
				CLANG_WARN_CONSTANT_CONVERSION = YES;
				CLANG_WARN_DEPRECATED_OBJC_IMPLEMENTATIONS = YES;
				CLANG_WARN_DIRECT_OBJC_ISA_USAGE = YES_ERROR;
				CLANG_WARN_DOCUMENTATION_COMMENTS = YES;
				CLANG_WARN_EMPTY_BODY = YES;
				CLANG_WARN_ENUM_CONVERSION = YES;
				CLANG_WARN_INFINITE_RECURSION = YES;
				CLANG_WARN_INT_CONVERSION = YES;
				CLANG_WARN_NON_LITERAL_NULL_CONVERSION = YES;
				CLANG_WARN_OBJC_IMPLICIT_RETAIN_SELF = YES;
				CLANG_WARN_OBJC_LITERAL_CONVERSION = YES;
				CLANG_WARN_OBJC_ROOT_CLASS = YES_ERROR;
				CLANG_WARN_QUOTED_INCLUDE_IN_FRAMEWORK_HEADER = YES;
				CLANG_WARN_RANGE_LOOP_ANALYSIS = YES;
				CLANG_WARN_STRICT_PROTOTYPES = YES;
				CLANG_WARN_SUSPICIOUS_MOVE = YES;
				CLANG_WARN_UNGUARDED_AVAILABILITY = YES_AGGRESSIVE;
				CLANG_WARN_UNREACHABLE_CODE = YES;
				CLANG_WARN__DUPLICATE_METHOD_MATCH = YES;
				COPY_PHASE_STRIP = NO;
				DEBUG_INFORMATION_FORMAT = "dwarf-with-dsym";
				ENABLE_NS_ASSERTIONS = NO;
				ENABLE_STRICT_OBJC_MSGSEND = YES;
				GCC_C_LANGUAGE_STANDARD = gnu11;
				GCC_NO_COMMON_BLOCKS = YES;
				GCC_WARN_64_TO_32_BIT_CONVERSION = YES;
				GCC_WARN_ABOUT_RETURN_TYPE = YES_ERROR;
				GCC_WARN_UNDECLARED_SELECTOR = YES;
				GCC_WARN_UNINITIALIZED_AUTOS = YES_AGGRESSIVE;
				GCC_WARN_UNUSED_FUNCTION = YES;
				GCC_WARN_UNUSED_VARIABLE = YES;
				MACOSX_DEPLOYMENT_TARGET = 10.12;
				MTL_ENABLE_DEBUG_INFO = NO;
				MTL_FAST_MATH = YES;
				SDKROOT = macosx;
				SWIFT_COMPILATION_MODE = wholemodule;
				SWIFT_OPTIMIZATION_LEVEL = "-O";
			};
			name = Release;
		};
		DE62FA572666807E00C17CD8 /* Debug */ = {
			isa = XCBuildConfiguration;
			buildSettings = {
				ASSETCATALOG_COMPILER_APPICON_NAME = AppIcon;
				CODE_SIGN_ENTITLEMENTS = Minesweeper/Minesweeper.entitlements;
				CODE_SIGN_IDENTITY = "-";
				CODE_SIGN_STYLE = Automatic;
				COMBINE_HIDPI_IMAGES = YES;
				CURRENT_PROJECT_VERSION = 2;
				INFOPLIST_FILE = Minesweeper/Info.plist;
				LD_RUNPATH_SEARCH_PATHS = (
					"$(inherited)",
					"@executable_path/../Frameworks",
				);
				PRODUCT_BUNDLE_IDENTIFIER = red.argon.minesweeper;
				PRODUCT_NAME = "$(TARGET_NAME)";
				SWIFT_VERSION = 5.0;
			};
			name = Debug;
		};
		DE62FA582666807E00C17CD8 /* Release */ = {
			isa = XCBuildConfiguration;
			buildSettings = {
				ASSETCATALOG_COMPILER_APPICON_NAME = AppIcon;
				CODE_SIGN_ENTITLEMENTS = Minesweeper/Minesweeper.entitlements;
				CODE_SIGN_IDENTITY = "-";
				CODE_SIGN_STYLE = Automatic;
				COMBINE_HIDPI_IMAGES = YES;
				CURRENT_PROJECT_VERSION = 2;
				INFOPLIST_FILE = Minesweeper/Info.plist;
				LD_RUNPATH_SEARCH_PATHS = (
					"$(inherited)",
					"@executable_path/../Frameworks",
				);
				PRODUCT_BUNDLE_IDENTIFIER = red.argon.minesweeper;
				PRODUCT_NAME = "$(TARGET_NAME)";
				SWIFT_VERSION = 5.0;
			};
			name = Release;
		};
/* End XCBuildConfiguration section */

/* Begin XCConfigurationList section */
		DE62FA412666807C00C17CD8 /* Build configuration list for PBXProject "Minesweeper" */ = {
			isa = XCConfigurationList;
			buildConfigurations = (
				DE62FA542666807E00C17CD8 /* Debug */,
				DE62FA552666807E00C17CD8 /* Release */,
			);
			defaultConfigurationIsVisible = 0;
			defaultConfigurationName = Release;
		};
		DE62FA562666807E00C17CD8 /* Build configuration list for PBXNativeTarget "Minesweeper" */ = {
			isa = XCConfigurationList;
			buildConfigurations = (
				DE62FA572666807E00C17CD8 /* Debug */,
				DE62FA582666807E00C17CD8 /* Release */,
			);
			defaultConfigurationIsVisible = 0;
			defaultConfigurationName = Release;
		};
/* End XCConfigurationList section */
	};
	rootObject = DE62FA3E2666807C00C17CD8 /* Project object */;
}
